
Microsoft Visual Studio Solution File, Format Version 12.00
# Visual Studio Version 17
VisualStudioVersion = 17.13.35825.156
MinimumVisualStudioVersion = 10.0.40219.1
Project("{FAE04EC0-301F-11D3-BF4B-00C04F79EFBC}") = "Domain.API", "Domain.API\Domain.API.csproj", "{95543422-E600-44BB-AB27-7B68AE6E36A7}"
EndProject
Project("{FAE04EC0-301F-11D3-BF4B-00C04F79EFBC}") = "Application.API", "Application.API\Application.API.csproj", "{9F47C757-EB86-49A0-BD52-1B652EB60D77}"
EndProject
Project("{FAE04EC0-301F-11D3-BF4B-00C04F79EFBC}") = "Infraestructure.API", "Infraestructure.API\Infraestructure.API.csproj", "{D42A2A06-9185-4D89-8AC8-69EE89386474}"
EndProject
Project("{FAE04EC0-301F-11D3-BF4B-00C04F79EFBC}") = "EMedicalERP.API", "EMedicalERP.API\EMedicalERP.API.csproj", "{6BB424E0-A4EF-4AA2-B6B7-4154750B529D}"
EndProject
Project("{2150E333-8FDC-42A3-9474-1A3956D46DE8}") = "Elementos de la solución", "Elementos de la solución", "{D107F4C8-89CC-BEA8-D3D7-CA6B7733353D}"
	ProjectSection(SolutionItems) = preProject
		Structure.txt = Structure.txt
	EndProjectSection
EndProject
Project("{FAE04EC0-301F-11D3-BF4B-00C04F79EFBC}") = "Persistencia.API", "Persistencia.API\Persistencia.API.csproj", "{68960CF3-D495-4374-B7D0-57DA443D2717}"
EndProject
Global
	GlobalSection(SolutionConfigurationPlatforms) = preSolution
		Debug|Any CPU = Debug|Any CPU
		Release|Any CPU = Release|Any CPU
	EndGlobalSection
	GlobalSection(ProjectConfigurationPlatforms) = postSolution
		{95543422-E600-44BB-AB27-7B68AE6E36A7}.Debug|Any CPU.ActiveCfg = Debug|Any CPU
		{95543422-E600-44BB-AB27-7B68AE6E36A7}.Debug|Any CPU.Build.0 = Debug|Any CPU
		{95543422-E600-44BB-AB27-7B68AE6E36A7}.Release|Any CPU.ActiveCfg = Release|Any CPU
		{95543422-E600-44BB-AB27-7B68AE6E36A7}.Release|Any CPU.Build.0 = Release|Any CPU
		{9F47C757-EB86-49A0-BD52-1B652EB60D77}.Debug|Any CPU.ActiveCfg = Debug|Any CPU
		{9F47C757-EB86-49A0-BD52-1B652EB60D77}.Debug|Any CPU.Build.0 = Debug|Any CPU
		{9F47C757-EB86-49A0-BD52-1B652EB60D77}.Release|Any CPU.ActiveCfg = Release|Any CPU
		{9F47C757-EB86-49A0-BD52-1B652EB60D77}.Release|Any CPU.Build.0 = Release|Any CPU
		{D42A2A06-9185-4D89-8AC8-69EE89386474}.Debug|Any CPU.ActiveCfg = Debug|Any CPU
		{D42A2A06-9185-4D89-8AC8-69EE89386474}.Debug|Any CPU.Build.0 = Debug|Any CPU
		{D42A2A06-9185-4D89-8AC8-69EE89386474}.Release|Any CPU.ActiveCfg = Release|Any CPU
		{D42A2A06-9185-4D89-8AC8-69EE89386474}.Release|Any CPU.Build.0 = Release|Any CPU
		{6BB424E0-A4EF-4AA2-B6B7-4154750B529D}.Debug|Any CPU.ActiveCfg = Debug|Any CPU
		{6BB424E0-A4EF-4AA2-B6B7-4154750B529D}.Debug|Any CPU.Build.0 = Debug|Any CPU
		{6BB424E0-A4EF-4AA2-B6B7-4154750B529D}.Release|Any CPU.ActiveCfg = Release|Any CPU
		{6BB424E0-A4EF-4AA2-B6B7-4154750B529D}.Release|Any CPU.Build.0 = Release|Any CPU
		{68960CF3-D495-4374-B7D0-57DA443D2717}.Debug|Any CPU.ActiveCfg = Debug|Any CPU
		{68960CF3-D495-4374-B7D0-57DA443D2717}.Debug|Any CPU.Build.0 = Debug|Any CPU
		{68960CF3-D495-4374-B7D0-57DA443D2717}.Release|Any CPU.ActiveCfg = Release|Any CPU
		{68960CF3-D495-4374-B7D0-57DA443D2717}.Release|Any CPU.Build.0 = Release|Any CPU
	EndGlobalSection
	GlobalSection(SolutionProperties) = preSolution
		HideSolutionNode = FALSE
	EndGlobalSection
	GlobalSection(ExtensibilityGlobals) = postSolution
		SolutionGuid = {E4CF05E8-3E65-461F-8534-C5E7D0011A0E}
	EndGlobalSection
EndGlobal
